
Microsoft Visual Studio Solution File, Format Version 12.00
# Visual Studio 15
VisualStudioVersion = 15.0.27703.2042
MinimumVisualStudioVersion = 10.0.40219.1
Project("{FAE04EC0-301F-11D3-BF4B-00C04F79EFBC}") = "mockEmail", "mockEmail\mockEmail.csproj", "{6B255AC4-851B-469C-BDFE-1A0105402CD5}"
EndProject
Global
	GlobalSection(SolutionConfigurationPlatforms) = preSolution
		Debug|Any CPU = Debug|Any CPU
		Release|Any CPU = Release|Any CPU
	EndGlobalSection
	GlobalSection(ProjectConfigurationPlatforms) = postSolution
		{6B255AC4-851B-469C-BDFE-1A0105402CD5}.Debug|Any CPU.ActiveCfg = Debug|Any CPU
		{6B255AC4-851B-469C-BDFE-1A0105402CD5}.Debug|Any CPU.Build.0 = Debug|Any CPU
		{6B255AC4-851B-469C-BDFE-1A0105402CD5}.Release|Any CPU.ActiveCfg = Release|Any CPU
		{6B255AC4-851B-469C-BDFE-1A0105402CD5}.Release|Any CPU.Build.0 = Release|Any CPU
	EndGlobalSection
	GlobalSection(SolutionProperties) = preSolution
		HideSolutionNode = FALSE
	EndGlobalSection
	GlobalSection(ExtensibilityGlobals) = postSolution
		SolutionGuid = {5A2E4894-0E35-448B-A55B-5E309070CC04}
	EndGlobalSection
EndGlobal
